// !$*UTF8*$!
{
	archiveVersion = 1;
	classes = {
	};
	objectVersion = 56;
	objects = {

/* Begin PBXBuildFile section */
		B35442412C911EA200278629 /* DataView.swift in Sources */ = {isa = PBXBuildFile; fileRef = B35442402C911EA200278629 /* DataView.swift */; };
		B3CE70902C8E7B1100E39FC5 /* WhyYouSuckAtDotaApp.swift in Sources */ = {isa = PBXBuildFile; fileRef = B3CE708F2C8E7B1100E39FC5 /* WhyYouSuckAtDotaApp.swift */; };
		B3CE70922C8E7B1100E39FC5 /* SearchView.swift in Sources */ = {isa = PBXBuildFile; fileRef = B3CE70912C8E7B1100E39FC5 /* SearchView.swift */; };
		B3CE70942C8E7B1100E39FC5 /* Assets.xcassets in Resources */ = {isa = PBXBuildFile; fileRef = B3CE70932C8E7B1100E39FC5 /* Assets.xcassets */; };
		B3CE70972C8E7B1100E39FC5 /* Preview Assets.xcassets in Resources */ = {isa = PBXBuildFile; fileRef = B3CE70962C8E7B1100E39FC5 /* Preview Assets.xcassets */; };
		B3CE70A12C8E7B1100E39FC5 /* WhyYouSuckAtDotaTests.swift in Sources */ = {isa = PBXBuildFile; fileRef = B3CE70A02C8E7B1100E39FC5 /* WhyYouSuckAtDotaTests.swift */; };
		B3CE70AB2C8E7B1100E39FC5 /* WhyYouSuckAtDotaUITests.swift in Sources */ = {isa = PBXBuildFile; fileRef = B3CE70AA2C8E7B1100E39FC5 /* WhyYouSuckAtDotaUITests.swift */; };
		B3CE70AD2C8E7B1100E39FC5 /* WhyYouSuckAtDotaUITestsLaunchTests.swift in Sources */ = {isa = PBXBuildFile; fileRef = B3CE70AC2C8E7B1100E39FC5 /* WhyYouSuckAtDotaUITestsLaunchTests.swift */; };
		B3CE70BA2C8E7B9100E39FC5 /* OpenDotaService.swift in Sources */ = {isa = PBXBuildFile; fileRef = B3CE70B92C8E7B9100E39FC5 /* OpenDotaService.swift */; };
/* End PBXBuildFile section */

/* Begin PBXContainerItemProxy section */
		B3CE709D2C8E7B1100E39FC5 /* PBXContainerItemProxy */ = {
			isa = PBXContainerItemProxy;
			containerPortal = B3CE70842C8E7B1100E39FC5 /* Project object */;
			proxyType = 1;
			remoteGlobalIDString = B3CE708B2C8E7B1100E39FC5;
			remoteInfo = WhyYouSuckAtDota;
		};
		B3CE70A72C8E7B1100E39FC5 /* PBXContainerItemProxy */ = {
			isa = PBXContainerItemProxy;
			containerPortal = B3CE70842C8E7B1100E39FC5 /* Project object */;
			proxyType = 1;
			remoteGlobalIDString = B3CE708B2C8E7B1100E39FC5;
			remoteInfo = WhyYouSuckAtDota;
		};
/* End PBXContainerItemProxy section */

/* Begin PBXFileReference section */
		B35442402C911EA200278629 /* DataView.swift */ = {isa = PBXFileReference; lastKnownFileType = sourcecode.swift; path = DataView.swift; sourceTree = "<group>"; };
		B3CE708C2C8E7B1100E39FC5 /* WhyYouSuckAtDota.app */ = {isa = PBXFileReference; explicitFileType = wrapper.application; includeInIndex = 0; path = WhyYouSuckAtDota.app; sourceTree = BUILT_PRODUCTS_DIR; };
		B3CE708F2C8E7B1100E39FC5 /* WhyYouSuckAtDotaApp.swift */ = {isa = PBXFileReference; lastKnownFileType = sourcecode.swift; path = WhyYouSuckAtDotaApp.swift; sourceTree = "<group>"; };
		B3CE70912C8E7B1100E39FC5 /* SearchView.swift */ = {isa = PBXFileReference; lastKnownFileType = sourcecode.swift; path = SearchView.swift; sourceTree = "<group>"; };
		B3CE70932C8E7B1100E39FC5 /* Assets.xcassets */ = {isa = PBXFileReference; lastKnownFileType = folder.assetcatalog; path = Assets.xcassets; sourceTree = "<group>"; };
		B3CE70962C8E7B1100E39FC5 /* Preview Assets.xcassets */ = {isa = PBXFileReference; lastKnownFileType = folder.assetcatalog; path = "Preview Assets.xcassets"; sourceTree = "<group>"; };
		B3CE709C2C8E7B1100E39FC5 /* WhyYouSuckAtDotaTests.xctest */ = {isa = PBXFileReference; explicitFileType = wrapper.cfbundle; includeInIndex = 0; path = WhyYouSuckAtDotaTests.xctest; sourceTree = BUILT_PRODUCTS_DIR; };
		B3CE70A02C8E7B1100E39FC5 /* WhyYouSuckAtDotaTests.swift */ = {isa = PBXFileReference; lastKnownFileType = sourcecode.swift; path = WhyYouSuckAtDotaTests.swift; sourceTree = "<group>"; };
		B3CE70A62C8E7B1100E39FC5 /* WhyYouSuckAtDotaUITests.xctest */ = {isa = PBXFileReference; explicitFileType = wrapper.cfbundle; includeInIndex = 0; path = WhyYouSuckAtDotaUITests.xctest; sourceTree = BUILT_PRODUCTS_DIR; };
		B3CE70AA2C8E7B1100E39FC5 /* WhyYouSuckAtDotaUITests.swift */ = {isa = PBXFileReference; lastKnownFileType = sourcecode.swift; path = WhyYouSuckAtDotaUITests.swift; sourceTree = "<group>"; };
		B3CE70AC2C8E7B1100E39FC5 /* WhyYouSuckAtDotaUITestsLaunchTests.swift */ = {isa = PBXFileReference; lastKnownFileType = sourcecode.swift; path = WhyYouSuckAtDotaUITestsLaunchTests.swift; sourceTree = "<group>"; };
		B3CE70B92C8E7B9100E39FC5 /* OpenDotaService.swift */ = {isa = PBXFileReference; lastKnownFileType = sourcecode.swift; path = OpenDotaService.swift; sourceTree = "<group>"; };
/* End PBXFileReference section */

/* Begin PBXFrameworksBuildPhase section */
		B3CE70892C8E7B1100E39FC5 /* Frameworks */ = {
			isa = PBXFrameworksBuildPhase;
			buildActionMask = 2147483647;
			files = (
			);
			runOnlyForDeploymentPostprocessing = 0;
		};
		B3CE70992C8E7B1100E39FC5 /* Frameworks */ = {
			isa = PBXFrameworksBuildPhase;
			buildActionMask = 2147483647;
			files = (
			);
			runOnlyForDeploymentPostprocessing = 0;
		};
		B3CE70A32C8E7B1100E39FC5 /* Frameworks */ = {
			isa = PBXFrameworksBuildPhase;
			buildActionMask = 2147483647;
			files = (
			);
			runOnlyForDeploymentPostprocessing = 0;
		};
/* End PBXFrameworksBuildPhase section */

/* Begin PBXGroup section */
		B3CE70832C8E7B1100E39FC5 = {
			isa = PBXGroup;
			children = (
				B3CE708E2C8E7B1100E39FC5 /* WhyYouSuckAtDota */,
				B3CE709F2C8E7B1100E39FC5 /* WhyYouSuckAtDotaTests */,
				B3CE70A92C8E7B1100E39FC5 /* WhyYouSuckAtDotaUITests */,
				B3CE708D2C8E7B1100E39FC5 /* Products */,
			);
			sourceTree = "<group>";
		};
		B3CE708D2C8E7B1100E39FC5 /* Products */ = {
			isa = PBXGroup;
			children = (
				B3CE708C2C8E7B1100E39FC5 /* WhyYouSuckAtDota.app */,
				B3CE709C2C8E7B1100E39FC5 /* WhyYouSuckAtDotaTests.xctest */,
				B3CE70A62C8E7B1100E39FC5 /* WhyYouSuckAtDotaUITests.xctest */,
			);
			name = Products;
			sourceTree = "<group>";
		};
		B3CE708E2C8E7B1100E39FC5 /* WhyYouSuckAtDota */ = {
			isa = PBXGroup;
			children = (
				B3CE708F2C8E7B1100E39FC5 /* WhyYouSuckAtDotaApp.swift */,
				B3CE70912C8E7B1100E39FC5 /* SearchView.swift */,
				B35442402C911EA200278629 /* DataView.swift */,
				B3CE70B92C8E7B9100E39FC5 /* OpenDotaService.swift */,
				B3CE70932C8E7B1100E39FC5 /* Assets.xcassets */,
				B3CE70952C8E7B1100E39FC5 /* Preview Content */,
			);
			path = WhyYouSuckAtDota;
			sourceTree = "<group>";
		};
		B3CE70952C8E7B1100E39FC5 /* Preview Content */ = {
			isa = PBXGroup;
			children = (
				B3CE70962C8E7B1100E39FC5 /* Preview Assets.xcassets */,
			);
			path = "Preview Content";
			sourceTree = "<group>";
		};
		B3CE709F2C8E7B1100E39FC5 /* WhyYouSuckAtDotaTests */ = {
			isa = PBXGroup;
			children = (
				B3CE70A02C8E7B1100E39FC5 /* WhyYouSuckAtDotaTests.swift */,
			);
			path = WhyYouSuckAtDotaTests;
			sourceTree = "<group>";
		};
		B3CE70A92C8E7B1100E39FC5 /* WhyYouSuckAtDotaUITests */ = {
			isa = PBXGroup;
			children = (
				B3CE70AA2C8E7B1100E39FC5 /* WhyYouSuckAtDotaUITests.swift */,
				B3CE70AC2C8E7B1100E39FC5 /* WhyYouSuckAtDotaUITestsLaunchTests.swift */,
			);
			path = WhyYouSuckAtDotaUITests;
			sourceTree = "<group>";
		};
/* End PBXGroup section */

/* Begin PBXNativeTarget section */
		B3CE708B2C8E7B1100E39FC5 /* WhyYouSuckAtDota */ = {
			isa = PBXNativeTarget;
			buildConfigurationList = B3CE70B02C8E7B1100E39FC5 /* Build configuration list for PBXNativeTarget "WhyYouSuckAtDota" */;
			buildPhases = (
				B3CE70882C8E7B1100E39FC5 /* Sources */,
				B3CE70892C8E7B1100E39FC5 /* Frameworks */,
				B3CE708A2C8E7B1100E39FC5 /* Resources */,
			);
			buildRules = (
			);
			dependencies = (
			);
			name = WhyYouSuckAtDota;
			productName = WhyYouSuckAtDota;
			productReference = B3CE708C2C8E7B1100E39FC5 /* WhyYouSuckAtDota.app */;
			productType = "com.apple.product-type.application";
		};
		B3CE709B2C8E7B1100E39FC5 /* WhyYouSuckAtDotaTests */ = {
			isa = PBXNativeTarget;
			buildConfigurationList = B3CE70B32C8E7B1100E39FC5 /* Build configuration list for PBXNativeTarget "WhyYouSuckAtDotaTests" */;
			buildPhases = (
				B3CE70982C8E7B1100E39FC5 /* Sources */,
				B3CE70992C8E7B1100E39FC5 /* Frameworks */,
				B3CE709A2C8E7B1100E39FC5 /* Resources */,
			);
			buildRules = (
			);
			dependencies = (
				B3CE709E2C8E7B1100E39FC5 /* PBXTargetDependency */,
			);
			name = WhyYouSuckAtDotaTests;
			productName = WhyYouSuckAtDotaTests;
			productReference = B3CE709C2C8E7B1100E39FC5 /* WhyYouSuckAtDotaTests.xctest */;
			productType = "com.apple.product-type.bundle.unit-test";
		};
		B3CE70A52C8E7B1100E39FC5 /* WhyYouSuckAtDotaUITests */ = {
			isa = PBXNativeTarget;
			buildConfigurationList = B3CE70B62C8E7B1100E39FC5 /* Build configuration list for PBXNativeTarget "WhyYouSuckAtDotaUITests" */;
			buildPhases = (
				B3CE70A22C8E7B1100E39FC5 /* Sources */,
				B3CE70A32C8E7B1100E39FC5 /* Frameworks */,
				B3CE70A42C8E7B1100E39FC5 /* Resources */,
			);
			buildRules = (
			);
			dependencies = (
				B3CE70A82C8E7B1100E39FC5 /* PBXTargetDependency */,
			);
			name = WhyYouSuckAtDotaUITests;
			productName = WhyYouSuckAtDotaUITests;
			productReference = B3CE70A62C8E7B1100E39FC5 /* WhyYouSuckAtDotaUITests.xctest */;
			productType = "com.apple.product-type.bundle.ui-testing";
		};
/* End PBXNativeTarget section */

/* Begin PBXProject section */
		B3CE70842C8E7B1100E39FC5 /* Project object */ = {
			isa = PBXProject;
			attributes = {
				BuildIndependentTargetsInParallel = 1;
				LastSwiftUpdateCheck = 1540;
				LastUpgradeCheck = 1540;
				TargetAttributes = {
					B3CE708B2C8E7B1100E39FC5 = {
						CreatedOnToolsVersion = 15.4;
					};
					B3CE709B2C8E7B1100E39FC5 = {
						CreatedOnToolsVersion = 15.4;
						TestTargetID = B3CE708B2C8E7B1100E39FC5;
					};
					B3CE70A52C8E7B1100E39FC5 = {
						CreatedOnToolsVersion = 15.4;
						TestTargetID = B3CE708B2C8E7B1100E39FC5;
					};
				};
			};
			buildConfigurationList = B3CE70872C8E7B1100E39FC5 /* Build configuration list for PBXProject "WhyYouSuckAtDota" */;
			compatibilityVersion = "Xcode 14.0";
			developmentRegion = en;
			hasScannedForEncodings = 0;
			knownRegions = (
				en,
				Base,
			);
			mainGroup = B3CE70832C8E7B1100E39FC5;
			productRefGroup = B3CE708D2C8E7B1100E39FC5 /* Products */;
			projectDirPath = "";
			projectRoot = "";
			targets = (
				B3CE708B2C8E7B1100E39FC5 /* WhyYouSuckAtDota */,
				B3CE709B2C8E7B1100E39FC5 /* WhyYouSuckAtDotaTests */,
				B3CE70A52C8E7B1100E39FC5 /* WhyYouSuckAtDotaUITests */,
			);
		};
/* End PBXProject section */

/* Begin PBXResourcesBuildPhase section */
		B3CE708A2C8E7B1100E39FC5 /* Resources */ = {
			isa = PBXResourcesBuildPhase;
			buildActionMask = 2147483647;
			files = (
				B3CE70972C8E7B1100E39FC5 /* Preview Assets.xcassets in Resources */,
				B3CE70942C8E7B1100E39FC5 /* Assets.xcassets in Resources */,
			);
			runOnlyForDeploymentPostprocessing = 0;
		};
		B3CE709A2C8E7B1100E39FC5 /* Resources */ = {
			isa = PBXResourcesBuildPhase;
			buildActionMask = 2147483647;
			files = (
			);
			runOnlyForDeploymentPostprocessing = 0;
		};
		B3CE70A42C8E7B1100E39FC5 /* Resources */ = {
			isa = PBXResourcesBuildPhase;
			buildActionMask = 2147483647;
			files = (
			);
			runOnlyForDeploymentPostprocessing = 0;
		};
/* End PBXResourcesBuildPhase section */

/* Begin PBXSourcesBuildPhase section */
		B3CE70882C8E7B1100E39FC5 /* Sources */ = {
			isa = PBXSourcesBuildPhase;
			buildActionMask = 2147483647;
			files = (
				B3CE70922C8E7B1100E39FC5 /* SearchView.swift in Sources */,
				B3CE70902C8E7B1100E39FC5 /* WhyYouSuckAtDotaApp.swift in Sources */,
				B35442412C911EA200278629 /* DataView.swift in Sources */,
				B3CE70BA2C8E7B9100E39FC5 /* OpenDotaService.swift in Sources */,
			);
			runOnlyForDeploymentPostprocessing = 0;
		};
		B3CE70982C8E7B1100E39FC5 /* Sources */ = {
			isa = PBXSourcesBuildPhase;
			buildActionMask = 2147483647;
			files = (
				B3CE70A12C8E7B1100E39FC5 /* WhyYouSuckAtDotaTests.swift in Sources */,
			);
			runOnlyForDeploymentPostprocessing = 0;
		};
		B3CE70A22C8E7B1100E39FC5 /* Sources */ = {
			isa = PBXSourcesBuildPhase;
			buildActionMask = 2147483647;
			files = (
				B3CE70AD2C8E7B1100E39FC5 /* WhyYouSuckAtDotaUITestsLaunchTests.swift in Sources */,
				B3CE70AB2C8E7B1100E39FC5 /* WhyYouSuckAtDotaUITests.swift in Sources */,
			);
			runOnlyForDeploymentPostprocessing = 0;
		};
/* End PBXSourcesBuildPhase section */

/* Begin PBXTargetDependency section */
		B3CE709E2C8E7B1100E39FC5 /* PBXTargetDependency */ = {
			isa = PBXTargetDependency;
			target = B3CE708B2C8E7B1100E39FC5 /* WhyYouSuckAtDota */;
			targetProxy = B3CE709D2C8E7B1100E39FC5 /* PBXContainerItemProxy */;
		};
		B3CE70A82C8E7B1100E39FC5 /* PBXTargetDependency */ = {
			isa = PBXTargetDependency;
			target = B3CE708B2C8E7B1100E39FC5 /* WhyYouSuckAtDota */;
			targetProxy = B3CE70A72C8E7B1100E39FC5 /* PBXContainerItemProxy */;
		};
/* End PBXTargetDependency section */

/* Begin XCBuildConfiguration section */
		B3CE70AE2C8E7B1100E39FC5 /* Debug */ = {
			isa = XCBuildConfiguration;
			buildSettings = {
				ALWAYS_SEARCH_USER_PATHS = NO;
				ASSETCATALOG_COMPILER_GENERATE_SWIFT_ASSET_SYMBOL_EXTENSIONS = YES;
				CLANG_ANALYZER_NONNULL = YES;
				CLANG_ANALYZER_NUMBER_OBJECT_CONVERSION = YES_AGGRESSIVE;
				CLANG_CXX_LANGUAGE_STANDARD = "gnu++20";
				CLANG_ENABLE_MODULES = YES;
				CLANG_ENABLE_OBJC_ARC = YES;
				CLANG_ENABLE_OBJC_WEAK = YES;
				CLANG_WARN_BLOCK_CAPTURE_AUTORELEASING = YES;
				CLANG_WARN_BOOL_CONVERSION = YES;
				CLANG_WARN_COMMA = YES;
				CLANG_WARN_CONSTANT_CONVERSION = YES;
				CLANG_WARN_DEPRECATED_OBJC_IMPLEMENTATIONS = YES;
				CLANG_WARN_DIRECT_OBJC_ISA_USAGE = YES_ERROR;
				CLANG_WARN_DOCUMENTATION_COMMENTS = YES;
				CLANG_WARN_EMPTY_BODY = YES;
				CLANG_WARN_ENUM_CONVERSION = YES;
				CLANG_WARN_INFINITE_RECURSION = YES;
				CLANG_WARN_INT_CONVERSION = YES;
				CLANG_WARN_NON_LITERAL_NULL_CONVERSION = YES;
				CLANG_WARN_OBJC_IMPLICIT_RETAIN_SELF = YES;
				CLANG_WARN_OBJC_LITERAL_CONVERSION = YES;
				CLANG_WARN_OBJC_ROOT_CLASS = YES_ERROR;
				CLANG_WARN_QUOTED_INCLUDE_IN_FRAMEWORK_HEADER = YES;
				CLANG_WARN_RANGE_LOOP_ANALYSIS = YES;
				CLANG_WARN_STRICT_PROTOTYPES = YES;
				CLANG_WARN_SUSPICIOUS_MOVE = YES;
				CLANG_WARN_UNGUARDED_AVAILABILITY = YES_AGGRESSIVE;
				CLANG_WARN_UNREACHABLE_CODE = YES;
				CLANG_WARN__DUPLICATE_METHOD_MATCH = YES;
				COPY_PHASE_STRIP = NO;
				DEBUG_INFORMATION_FORMAT = dwarf;
				ENABLE_STRICT_OBJC_MSGSEND = YES;
				ENABLE_TESTABILITY = YES;
				ENABLE_USER_SCRIPT_SANDBOXING = YES;
				GCC_C_LANGUAGE_STANDARD = gnu17;
				GCC_DYNAMIC_NO_PIC = NO;
				GCC_NO_COMMON_BLOCKS = YES;
				GCC_OPTIMIZATION_LEVEL = 0;
				GCC_PREPROCESSOR_DEFINITIONS = (
					"DEBUG=1",
					"$(inherited)",
				);
				GCC_WARN_64_TO_32_BIT_CONVERSION = YES;
				GCC_WARN_ABOUT_RETURN_TYPE = YES_ERROR;
				GCC_WARN_UNDECLARED_SELECTOR = YES;
				GCC_WARN_UNINITIALIZED_AUTOS = YES_AGGRESSIVE;
				GCC_WARN_UNUSED_FUNCTION = YES;
				GCC_WARN_UNUSED_VARIABLE = YES;
				IPHONEOS_DEPLOYMENT_TARGET = 17.5;
				LOCALIZATION_PREFERS_STRING_CATALOGS = YES;
				MTL_ENABLE_DEBUG_INFO = INCLUDE_SOURCE;
				MTL_FAST_MATH = YES;
				ONLY_ACTIVE_ARCH = YES;
				SDKROOT = iphoneos;
				SWIFT_ACTIVE_COMPILATION_CONDITIONS = "DEBUG $(inherited)";
				SWIFT_OPTIMIZATION_LEVEL = "-Onone";
			};
			name = Debug;
		};
		B3CE70AF2C8E7B1100E39FC5 /* Release */ = {
			isa = XCBuildConfiguration;
			buildSettings = {
				ALWAYS_SEARCH_USER_PATHS = NO;
				ASSETCATALOG_COMPILER_GENERATE_SWIFT_ASSET_SYMBOL_EXTENSIONS = YES;
				CLANG_ANALYZER_NONNULL = YES;
				CLANG_ANALYZER_NUMBER_OBJECT_CONVERSION = YES_AGGRESSIVE;
				CLANG_CXX_LANGUAGE_STANDARD = "gnu++20";
				CLANG_ENABLE_MODULES = YES;
				CLANG_ENABLE_OBJC_ARC = YES;
				CLANG_ENABLE_OBJC_WEAK = YES;
				CLANG_WARN_BLOCK_CAPTURE_AUTORELEASING = YES;
				CLANG_WARN_BOOL_CONVERSION = YES;
				CLANG_WARN_COMMA = YES;
				CLANG_WARN_CONSTANT_CONVERSION = YES;
				CLANG_WARN_DEPRECATED_OBJC_IMPLEMENTATIONS = YES;
				CLANG_WARN_DIRECT_OBJC_ISA_USAGE = YES_ERROR;
				CLANG_WARN_DOCUMENTATION_COMMENTS = YES;
				CLANG_WARN_EMPTY_BODY = YES;
				CLANG_WARN_ENUM_CONVERSION = YES;
				CLANG_WARN_INFINITE_RECURSION = YES;
				CLANG_WARN_INT_CONVERSION = YES;
				CLANG_WARN_NON_LITERAL_NULL_CONVERSION = YES;
				CLANG_WARN_OBJC_IMPLICIT_RETAIN_SELF = YES;
				CLANG_WARN_OBJC_LITERAL_CONVERSION = YES;
				CLANG_WARN_OBJC_ROOT_CLASS = YES_ERROR;
				CLANG_WARN_QUOTED_INCLUDE_IN_FRAMEWORK_HEADER = YES;
				CLANG_WARN_RANGE_LOOP_ANALYSIS = YES;
				CLANG_WARN_STRICT_PROTOTYPES = YES;
				CLANG_WARN_SUSPICIOUS_MOVE = YES;
				CLANG_WARN_UNGUARDED_AVAILABILITY = YES_AGGRESSIVE;
				CLANG_WARN_UNREACHABLE_CODE = YES;
				CLANG_WARN__DUPLICATE_METHOD_MATCH = YES;
				COPY_PHASE_STRIP = NO;
				DEBUG_INFORMATION_FORMAT = "dwarf-with-dsym";
				ENABLE_NS_ASSERTIONS = NO;
				ENABLE_STRICT_OBJC_MSGSEND = YES;
				ENABLE_USER_SCRIPT_SANDBOXING = YES;
				GCC_C_LANGUAGE_STANDARD = gnu17;
				GCC_NO_COMMON_BLOCKS = YES;
				GCC_WARN_64_TO_32_BIT_CONVERSION = YES;
				GCC_WARN_ABOUT_RETURN_TYPE = YES_ERROR;
				GCC_WARN_UNDECLARED_SELECTOR = YES;
				GCC_WARN_UNINITIALIZED_AUTOS = YES_AGGRESSIVE;
				GCC_WARN_UNUSED_FUNCTION = YES;
				GCC_WARN_UNUSED_VARIABLE = YES;
				IPHONEOS_DEPLOYMENT_TARGET = 17.5;
				LOCALIZATION_PREFERS_STRING_CATALOGS = YES;
				MTL_ENABLE_DEBUG_INFO = NO;
				MTL_FAST_MATH = YES;
				SDKROOT = iphoneos;
				SWIFT_COMPILATION_MODE = wholemodule;
				VALIDATE_PRODUCT = YES;
			};
			name = Release;
		};
		B3CE70B12C8E7B1100E39FC5 /* Debug */ = {
			isa = XCBuildConfiguration;
			buildSettings = {
				ASSETCATALOG_COMPILER_APPICON_NAME = AppIcon;
				ASSETCATALOG_COMPILER_GLOBAL_ACCENT_COLOR_NAME = AccentColor;
				CODE_SIGN_STYLE = Automatic;
				CURRENT_PROJECT_VERSION = 1;
				DEVELOPMENT_ASSET_PATHS = "\"WhyYouSuckAtDota/Preview Content\"";
				ENABLE_PREVIEWS = YES;
				GENERATE_INFOPLIST_FILE = YES;
				INFOPLIST_KEY_UIApplicationSceneManifest_Generation = YES;
				INFOPLIST_KEY_UIApplicationSupportsIndirectInputEvents = YES;
				INFOPLIST_KEY_UILaunchScreen_Generation = YES;
				INFOPLIST_KEY_UISupportedInterfaceOrientations_iPad = "UIInterfaceOrientationPortrait UIInterfaceOrientationPortraitUpsideDown UIInterfaceOrientationLandscapeLeft UIInterfaceOrientationLandscapeRight";
				INFOPLIST_KEY_UISupportedInterfaceOrientations_iPhone = "UIInterfaceOrientationPortrait UIInterfaceOrientationLandscapeLeft UIInterfaceOrientationLandscapeRight";
				LD_RUNPATH_SEARCH_PATHS = (
					"$(inherited)",
					"@executable_path/Frameworks",
				);
				MARKETING_VERSION = 1.0;
				PRODUCT_BUNDLE_IDENTIFIER = com.VoorhecSoftware.WhyYouSuckAtDota;
				PRODUCT_NAME = "$(TARGET_NAME)";
				SWIFT_EMIT_LOC_STRINGS = YES;
				SWIFT_VERSION = 5.0;
				TARGETED_DEVICE_FAMILY = "1,2";
			};
			name = Debug;
		};
		B3CE70B22C8E7B1100E39FC5 /* Release */ = {
			isa = XCBuildConfiguration;
			buildSettings = {
				ASSETCATALOG_COMPILER_APPICON_NAME = AppIcon;
				ASSETCATALOG_COMPILER_GLOBAL_ACCENT_COLOR_NAME = AccentColor;
				CODE_SIGN_STYLE = Automatic;
				CURRENT_PROJECT_VERSION = 1;
				DEVELOPMENT_ASSET_PATHS = "\"WhyYouSuckAtDota/Preview Content\"";
				ENABLE_PREVIEWS = YES;
				GENERATE_INFOPLIST_FILE = YES;
				INFOPLIST_KEY_UIApplicationSceneManifest_Generation = YES;
				INFOPLIST_KEY_UIApplicationSupportsIndirectInputEvents = YES;
				INFOPLIST_KEY_UILaunchScreen_Generation = YES;
				INFOPLIST_KEY_UISupportedInterfaceOrientations_iPad = "UIInterfaceOrientationPortrait UIInterfaceOrientationPortraitUpsideDown UIInterfaceOrientationLandscapeLeft UIInterfaceOrientationLandscapeRight";
				INFOPLIST_KEY_UISupportedInterfaceOrientations_iPhone = "UIInterfaceOrientationPortrait UIInterfaceOrientationLandscapeLeft UIInterfaceOrientationLandscapeRight";
				LD_RUNPATH_SEARCH_PATHS = (
					"$(inherited)",
					"@executable_path/Frameworks",
				);
				MARKETING_VERSION = 1.0;
				PRODUCT_BUNDLE_IDENTIFIER = com.VoorhecSoftware.WhyYouSuckAtDota;
				PRODUCT_NAME = "$(TARGET_NAME)";
				SWIFT_EMIT_LOC_STRINGS = YES;
				SWIFT_VERSION = 5.0;
				TARGETED_DEVICE_FAMILY = "1,2";
			};
			name = Release;
		};
		B3CE70B42C8E7B1100E39FC5 /* Debug */ = {
			isa = XCBuildConfiguration;
			buildSettings = {
				ALWAYS_EMBED_SWIFT_STANDARD_LIBRARIES = YES;
				BUNDLE_LOADER = "$(TEST_HOST)";
				CODE_SIGN_STYLE = Automatic;
				CURRENT_PROJECT_VERSION = 1;
				GENERATE_INFOPLIST_FILE = YES;
				IPHONEOS_DEPLOYMENT_TARGET = 17.5;
				MARKETING_VERSION = 1.0;
				PRODUCT_BUNDLE_IDENTIFIER = com.VoorhecSoftware.WhyYouSuckAtDotaTests;
				PRODUCT_NAME = "$(TARGET_NAME)";
				SWIFT_EMIT_LOC_STRINGS = NO;
				SWIFT_VERSION = 5.0;
				TARGETED_DEVICE_FAMILY = "1,2";
				TEST_HOST = "$(BUILT_PRODUCTS_DIR)/WhyYouSuckAtDota.app/$(BUNDLE_EXECUTABLE_FOLDER_PATH)/WhyYouSuckAtDota";
			};
			name = Debug;
		};
		B3CE70B52C8E7B1100E39FC5 /* Release */ = {
			isa = XCBuildConfiguration;
			buildSettings = {
				ALWAYS_EMBED_SWIFT_STANDARD_LIBRARIES = YES;
				BUNDLE_LOADER = "$(TEST_HOST)";
				CODE_SIGN_STYLE = Automatic;
				CURRENT_PROJECT_VERSION = 1;
				GENERATE_INFOPLIST_FILE = YES;
				IPHONEOS_DEPLOYMENT_TARGET = 17.5;
				MARKETING_VERSION = 1.0;
				PRODUCT_BUNDLE_IDENTIFIER = com.VoorhecSoftware.WhyYouSuckAtDotaTests;
				PRODUCT_NAME = "$(TARGET_NAME)";
				SWIFT_EMIT_LOC_STRINGS = NO;
				SWIFT_VERSION = 5.0;
				TARGETED_DEVICE_FAMILY = "1,2";
				TEST_HOST = "$(BUILT_PRODUCTS_DIR)/WhyYouSuckAtDota.app/$(BUNDLE_EXECUTABLE_FOLDER_PATH)/WhyYouSuckAtDota";
			};
			name = Release;
		};
		B3CE70B72C8E7B1100E39FC5 /* Debug */ = {
			isa = XCBuildConfiguration;
			buildSettings = {
				ALWAYS_EMBED_SWIFT_STANDARD_LIBRARIES = YES;
				CODE_SIGN_STYLE = Automatic;
				CURRENT_PROJECT_VERSION = 1;
				GENERATE_INFOPLIST_FILE = YES;
				MARKETING_VERSION = 1.0;
				PRODUCT_BUNDLE_IDENTIFIER = com.VoorhecSoftware.WhyYouSuckAtDotaUITests;
				PRODUCT_NAME = "$(TARGET_NAME)";
				SWIFT_EMIT_LOC_STRINGS = NO;
				SWIFT_VERSION = 5.0;
				TARGETED_DEVICE_FAMILY = "1,2";
				TEST_TARGET_NAME = WhyYouSuckAtDota;
			};
			name = Debug;
		};
		B3CE70B82C8E7B1100E39FC5 /* Release */ = {
			isa = XCBuildConfiguration;
			buildSettings = {
				ALWAYS_EMBED_SWIFT_STANDARD_LIBRARIES = YES;
				CODE_SIGN_STYLE = Automatic;
				CURRENT_PROJECT_VERSION = 1;
				GENERATE_INFOPLIST_FILE = YES;
				MARKETING_VERSION = 1.0;
				PRODUCT_BUNDLE_IDENTIFIER = com.VoorhecSoftware.WhyYouSuckAtDotaUITests;
				PRODUCT_NAME = "$(TARGET_NAME)";
				SWIFT_EMIT_LOC_STRINGS = NO;
				SWIFT_VERSION = 5.0;
				TARGETED_DEVICE_FAMILY = "1,2";
				TEST_TARGET_NAME = WhyYouSuckAtDota;
			};
			name = Release;
		};
/* End XCBuildConfiguration section */

/* Begin XCConfigurationList section */
		B3CE70872C8E7B1100E39FC5 /* Build configuration list for PBXProject "WhyYouSuckAtDota" */ = {
			isa = XCConfigurationList;
			buildConfigurations = (
				B3CE70AE2C8E7B1100E39FC5 /* Debug */,
				B3CE70AF2C8E7B1100E39FC5 /* Release */,
			);
			defaultConfigurationIsVisible = 0;
			defaultConfigurationName = Release;
		};
		B3CE70B02C8E7B1100E39FC5 /* Build configuration list for PBXNativeTarget "WhyYouSuckAtDota" */ = {
			isa = XCConfigurationList;
			buildConfigurations = (
				B3CE70B12C8E7B1100E39FC5 /* Debug */,
				B3CE70B22C8E7B1100E39FC5 /* Release */,
			);
			defaultConfigurationIsVisible = 0;
			defaultConfigurationName = Release;
		};
		B3CE70B32C8E7B1100E39FC5 /* Build configuration list for PBXNativeTarget "WhyYouSuckAtDotaTests" */ = {
			isa = XCConfigurationList;
			buildConfigurations = (
				B3CE70B42C8E7B1100E39FC5 /* Debug */,
				B3CE70B52C8E7B1100E39FC5 /* Release */,
			);
			defaultConfigurationIsVisible = 0;
			defaultConfigurationName = Release;
		};
		B3CE70B62C8E7B1100E39FC5 /* Build configuration list for PBXNativeTarget "WhyYouSuckAtDotaUITests" */ = {
			isa = XCConfigurationList;
			buildConfigurations = (
				B3CE70B72C8E7B1100E39FC5 /* Debug */,
				B3CE70B82C8E7B1100E39FC5 /* Release */,
			);
			defaultConfigurationIsVisible = 0;
			defaultConfigurationName = Release;
		};
/* End XCConfigurationList section */
	};
	rootObject = B3CE70842C8E7B1100E39FC5 /* Project object */;
}
